{
    "name": "odin.js",
    "version": "1.0.0",
    "lockfileVersion": 1,
    "requires": true,
    "dependencies": {
        "dopri": {
            "version": "0.0.5",
            "resolved": "https://registry.npmjs.org/dopri/-/dopri-0.0.5.tgz",
            "integrity": "sha512-Vvi5v1LuCf7o7VKJxy1edAZ/HlJLgAzsvp7s69cYDRqjFOJ+JFfPaTrH+DnhK5Easb2CQIMIzQ3M8tgP1iyDhg=="
        }
    }
}
