{
    "name": "odin.js",
    "version": "1.0.0",
    "lockfileVersion": 1,
    "requires": true,
    "dependencies": {
        "dopri": {
            "version": "0.0.7",
            "resolved": "https://registry.npmjs.org/dopri/-/dopri-0.0.7.tgz",
            "integrity": "sha512-17vUmybOB3aFFMXD9/cjU7z9z2MH6eLkVj0UVewu6RmhhuYOUId2n4uowRTKHRwmQNNqxQsXtFyGMa9py8a5iA=="
        }
    }
}
