{
    "name": "odin.js",
    "version": "1.0.0",
    "lockfileVersion": 1,
    "requires": true,
    "dependencies": {
        "dopri": {
            "version": "0.0.2",
            "resolved": "https://registry.npmjs.org/dopri/-/dopri-0.0.2.tgz",
            "integrity": "sha512-irCzXlys0PujtiKwLvrPg3pLSQH0sUCbY4ozDOrHhKFkyVtf4wygXkCrfWbx/ZGoypVTKZ3dkgPnDaEYLkav8Q=="
        }
    }
}
